
Microsoft Visual Studio Solution File, Format Version 12.00
Project("{FAE04EC0-301F-11D3-BF4B-00C04F79EFBC}") = "MPG.ReplaceConstructors.Before", "MPG.ReplaceConstructors.Before\MPG.ReplaceConstructors.Before.csproj", "{3B3E5B88-4E46-4939-964D-71881625F7D0}"
EndProject
Project("{FAE04EC0-301F-11D3-BF4B-00C04F79EFBC}") = "MPG.ChainConstructors.Before", "MPG.ChainConstructors.Before\MPG.ChainConstructors.Before.csproj", "{B2EBC2F1-8230-43F3-8AD7-B2081549786A}"
EndProject
Global
	GlobalSection(SolutionConfigurationPlatforms) = preSolution
		Debug|Any CPU = Debug|Any CPU
		Release|Any CPU = Release|Any CPU
	EndGlobalSection
	GlobalSection(ProjectConfigurationPlatforms) = postSolution
		{3B3E5B88-4E46-4939-964D-71881625F7D0}.Debug|Any CPU.ActiveCfg = Debug|Any CPU
		{3B3E5B88-4E46-4939-964D-71881625F7D0}.Debug|Any CPU.Build.0 = Debug|Any CPU
		{3B3E5B88-4E46-4939-964D-71881625F7D0}.Release|Any CPU.ActiveCfg = Release|Any CPU
		{3B3E5B88-4E46-4939-964D-71881625F7D0}.Release|Any CPU.Build.0 = Release|Any CPU
		{B2EBC2F1-8230-43F3-8AD7-B2081549786A}.Debug|Any CPU.ActiveCfg = Debug|Any CPU
		{B2EBC2F1-8230-43F3-8AD7-B2081549786A}.Debug|Any CPU.Build.0 = Debug|Any CPU
		{B2EBC2F1-8230-43F3-8AD7-B2081549786A}.Release|Any CPU.ActiveCfg = Release|Any CPU
		{B2EBC2F1-8230-43F3-8AD7-B2081549786A}.Release|Any CPU.Build.0 = Release|Any CPU
	EndGlobalSection
EndGlobal
