
Microsoft Visual Studio Solution File, Format Version 12.00
# Visual Studio Version 16
VisualStudioVersion = 16.0.29806.167
MinimumVisualStudioVersion = 10.0.40219.1
Project("{9A19103F-16F7-4668-BE54-9A1E7A4F7556}") = "MPG.ReplaceConditionalLogicWithStrategy.Before", "MPG.ReplaceConditionalLogicWithStrategy.Before\MPG.ReplaceConditionalLogicWithStrategy.Before.csproj", "{EA2BD132-5F1B-4AE1-8B97-2C4795AD2531}"
EndProject
Project("{FAE04EC0-301F-11D3-BF4B-00C04F79EFBC}") = "MPG.ReplaceConditionalLogicWithStrategy.After", "MPG.ReplaceConditionalLogicWithStrategy.After\MPG.ReplaceConditionalLogicWithStrategy.After.csproj", "{7BEA3E8F-4927-4A5C-9812-78BEEA6F5741}"
EndProject
Global
	GlobalSection(SolutionConfigurationPlatforms) = preSolution
		Debug|Any CPU = Debug|Any CPU
		Release|Any CPU = Release|Any CPU
	EndGlobalSection
	GlobalSection(ProjectConfigurationPlatforms) = postSolution
		{EA2BD132-5F1B-4AE1-8B97-2C4795AD2531}.Debug|Any CPU.ActiveCfg = Debug|Any CPU
		{EA2BD132-5F1B-4AE1-8B97-2C4795AD2531}.Debug|Any CPU.Build.0 = Debug|Any CPU
		{EA2BD132-5F1B-4AE1-8B97-2C4795AD2531}.Release|Any CPU.ActiveCfg = Release|Any CPU
		{EA2BD132-5F1B-4AE1-8B97-2C4795AD2531}.Release|Any CPU.Build.0 = Release|Any CPU
		{7BEA3E8F-4927-4A5C-9812-78BEEA6F5741}.Debug|Any CPU.ActiveCfg = Debug|Any CPU
		{7BEA3E8F-4927-4A5C-9812-78BEEA6F5741}.Debug|Any CPU.Build.0 = Debug|Any CPU
		{7BEA3E8F-4927-4A5C-9812-78BEEA6F5741}.Release|Any CPU.ActiveCfg = Release|Any CPU
		{7BEA3E8F-4927-4A5C-9812-78BEEA6F5741}.Release|Any CPU.Build.0 = Release|Any CPU
	EndGlobalSection
	GlobalSection(SolutionProperties) = preSolution
		HideSolutionNode = FALSE
	EndGlobalSection
	GlobalSection(ExtensibilityGlobals) = postSolution
		SolutionGuid = {14A44B4F-DDCF-43D8-87C4-A77FC75F7265}
	EndGlobalSection
EndGlobal
