
Microsoft Visual Studio Solution File, Format Version 12.00
# Visual Studio Version 16
VisualStudioVersion = 16.0.29326.143
MinimumVisualStudioVersion = 10.0.40219.1
Project("{FAE04EC0-301F-11D3-BF4B-00C04F79EFBC}") = "MPG.ReplaceConditionalLogicWithStrategy.Before", "MPG.ReplaceConditionalLogicWithStrategy.Before\MPG.ReplaceConditionalLogicWithStrategy.Before.csproj", "{581600D7-6096-492A-95D9-0AF7B249A045}"
EndProject
Global
	GlobalSection(SolutionConfigurationPlatforms) = preSolution
		Debug|Any CPU = Debug|Any CPU
		Release|Any CPU = Release|Any CPU
	EndGlobalSection
	GlobalSection(ProjectConfigurationPlatforms) = postSolution
		{581600D7-6096-492A-95D9-0AF7B249A045}.Debug|Any CPU.ActiveCfg = Debug|Any CPU
		{581600D7-6096-492A-95D9-0AF7B249A045}.Debug|Any CPU.Build.0 = Debug|Any CPU
		{581600D7-6096-492A-95D9-0AF7B249A045}.Release|Any CPU.ActiveCfg = Release|Any CPU
		{581600D7-6096-492A-95D9-0AF7B249A045}.Release|Any CPU.Build.0 = Release|Any CPU
	EndGlobalSection
	GlobalSection(SolutionProperties) = preSolution
		HideSolutionNode = FALSE
	EndGlobalSection
	GlobalSection(ExtensibilityGlobals) = postSolution
		SolutionGuid = {8B6A396A-550C-4AA2-B553-47935C897938}
	EndGlobalSection
EndGlobal
