
Microsoft Visual Studio Solution File, Format Version 12.00
# Visual Studio Version 16
VisualStudioVersion = 16.0.29709.97
MinimumVisualStudioVersion = 10.0.40219.1
Project("{9A19103F-16F7-4668-BE54-9A1E7A4F7556}") = "MPG.EncapsulateClassesWithFactory.Before", "MPG.EncapsulateClassesWithFactory\MPG.EncapsulateClassesWithFactory.Before.csproj", "{5BEDDF27-64F5-4797-9308-6B1018394F5D}"
EndProject
Project("{9A19103F-16F7-4668-BE54-9A1E7A4F7556}") = "MPG.EncapsulateClassesWithFactory.After", "MPG.EncapsulateClassesWithFactory.After\MPG.EncapsulateClassesWithFactory.After.csproj", "{3DB54F37-1CC3-4F2C-8DA8-DC1E1AC8BED6}"
EndProject
Project("{FAE04EC0-301F-11D3-BF4B-00C04F79EFBC}") = "MPG.EncapsulateClassesWithFactory.Tests", "MPG.EncapsulateClassesWithFactory.Tests\MPG.EncapsulateClassesWithFactory.Tests.csproj", "{EC7B1AE9-D1B7-4709-9262-FD70E0CBC3BA}"
EndProject
Global
	GlobalSection(SolutionConfigurationPlatforms) = preSolution
		Debug|Any CPU = Debug|Any CPU
		Release|Any CPU = Release|Any CPU
	EndGlobalSection
	GlobalSection(ProjectConfigurationPlatforms) = postSolution
		{5BEDDF27-64F5-4797-9308-6B1018394F5D}.Debug|Any CPU.ActiveCfg = Debug|Any CPU
		{5BEDDF27-64F5-4797-9308-6B1018394F5D}.Debug|Any CPU.Build.0 = Debug|Any CPU
		{5BEDDF27-64F5-4797-9308-6B1018394F5D}.Release|Any CPU.ActiveCfg = Release|Any CPU
		{5BEDDF27-64F5-4797-9308-6B1018394F5D}.Release|Any CPU.Build.0 = Release|Any CPU
		{3DB54F37-1CC3-4F2C-8DA8-DC1E1AC8BED6}.Debug|Any CPU.ActiveCfg = Debug|Any CPU
		{3DB54F37-1CC3-4F2C-8DA8-DC1E1AC8BED6}.Debug|Any CPU.Build.0 = Debug|Any CPU
		{3DB54F37-1CC3-4F2C-8DA8-DC1E1AC8BED6}.Release|Any CPU.ActiveCfg = Release|Any CPU
		{3DB54F37-1CC3-4F2C-8DA8-DC1E1AC8BED6}.Release|Any CPU.Build.0 = Release|Any CPU
		{EC7B1AE9-D1B7-4709-9262-FD70E0CBC3BA}.Debug|Any CPU.ActiveCfg = Debug|Any CPU
		{EC7B1AE9-D1B7-4709-9262-FD70E0CBC3BA}.Debug|Any CPU.Build.0 = Debug|Any CPU
		{EC7B1AE9-D1B7-4709-9262-FD70E0CBC3BA}.Release|Any CPU.ActiveCfg = Release|Any CPU
		{EC7B1AE9-D1B7-4709-9262-FD70E0CBC3BA}.Release|Any CPU.Build.0 = Release|Any CPU
	EndGlobalSection
	GlobalSection(SolutionProperties) = preSolution
		HideSolutionNode = FALSE
	EndGlobalSection
	GlobalSection(ExtensibilityGlobals) = postSolution
		SolutionGuid = {3D4FB5FA-BF25-498A-A5A5-C3F28B6AE2E3}
	EndGlobalSection
EndGlobal
